// !$*UTF8*$!
{
	archiveVersion = 1;
	classes = {
	};
	objectVersion = 48;
	objects = {

/* Begin PBXBuildFile section */
		18670A8D20654855004FC88F /* AppDelegate.swift in Sources */ = {isa = PBXBuildFile; fileRef = 18670A8C20654855004FC88F /* AppDelegate.swift */; };
		18670A8F20654855004FC88F /* ViewController.swift in Sources */ = {isa = PBXBuildFile; fileRef = 18670A8E20654855004FC88F /* ViewController.swift */; };
		18670A9220654855004FC88F /* Main.storyboard in Resources */ = {isa = PBXBuildFile; fileRef = 18670A9020654855004FC88F /* Main.storyboard */; };
		18670A9520654855004FC88F /* Agentdesks.xcdatamodeld in Sources */ = {isa = PBXBuildFile; fileRef = 18670A9320654855004FC88F /* Agentdesks.xcdatamodeld */; };
		18670A9720654855004FC88F /* Assets.xcassets in Resources */ = {isa = PBXBuildFile; fileRef = 18670A9620654855004FC88F /* Assets.xcassets */; };
		18670A9A20654855004FC88F /* LaunchScreen.storyboard in Resources */ = {isa = PBXBuildFile; fileRef = 18670A9820654855004FC88F /* LaunchScreen.storyboard */; };
		18670AA320654A4F004FC88F /* ArticlesTableViewCell.swift in Sources */ = {isa = PBXBuildFile; fileRef = 18670AA120654A4F004FC88F /* ArticlesTableViewCell.swift */; };
		18670AA420654A4F004FC88F /* ArticlesTableViewCell.xib in Resources */ = {isa = PBXBuildFile; fileRef = 18670AA220654A4F004FC88F /* ArticlesTableViewCell.xib */; };
		18670AAA20655D24004FC88F /* APIClient.swift in Sources */ = {isa = PBXBuildFile; fileRef = 18670AA920655D24004FC88F /* APIClient.swift */; };
		18670AAC2065607B004FC88F /* APIResponse.swift in Sources */ = {isa = PBXBuildFile; fileRef = 18670AAB2065607B004FC88F /* APIResponse.swift */; };
		18670AB120656460004FC88F /* ArticlesAPI.swift in Sources */ = {isa = PBXBuildFile; fileRef = 18670AB020656460004FC88F /* ArticlesAPI.swift */; };
		18670AB420656B43004FC88F /* AppConstants.swift in Sources */ = {isa = PBXBuildFile; fileRef = 18670AB320656B43004FC88F /* AppConstants.swift */; };
		18670AB620656CEB004FC88F /* Articles.swift in Sources */ = {isa = PBXBuildFile; fileRef = 18670AB520656CEB004FC88F /* Articles.swift */; };
		18845D4020664113007ABCAF /* ArticleViewModel.swift in Sources */ = {isa = PBXBuildFile; fileRef = 18845D3F20664113007ABCAF /* ArticleViewModel.swift */; };
		18845D4220664299007ABCAF /* ArticleViewModelController.swift in Sources */ = {isa = PBXBuildFile; fileRef = 18845D4120664299007ABCAF /* ArticleViewModelController.swift */; };
		18C02E962066B1550009CF1D /* BaseProtocol.swift in Sources */ = {isa = PBXBuildFile; fileRef = 18C02E952066B1550009CF1D /* BaseProtocol.swift */; };
		84D2E0E466712EC7C53D473F /* Pods_Agentdesks.framework in Frameworks */ = {isa = PBXBuildFile; fileRef = 3393242BD9DBF0A47F56C037 /* Pods_Agentdesks.framework */; };
/* End PBXBuildFile section */

/* Begin PBXFileReference section */
		18670A8920654855004FC88F /* Agentdesks.app */ = {isa = PBXFileReference; explicitFileType = wrapper.application; includeInIndex = 0; path = Agentdesks.app; sourceTree = BUILT_PRODUCTS_DIR; };
		18670A8C20654855004FC88F /* AppDelegate.swift */ = {isa = PBXFileReference; lastKnownFileType = sourcecode.swift; path = AppDelegate.swift; sourceTree = "<group>"; };
		18670A8E20654855004FC88F /* ViewController.swift */ = {isa = PBXFileReference; lastKnownFileType = sourcecode.swift; path = ViewController.swift; sourceTree = "<group>"; };
		18670A9120654855004FC88F /* Base */ = {isa = PBXFileReference; lastKnownFileType = file.storyboard; name = Base; path = Base.lproj/Main.storyboard; sourceTree = "<group>"; };
		18670A9420654855004FC88F /* Agentdesks.xcdatamodel */ = {isa = PBXFileReference; lastKnownFileType = wrapper.xcdatamodel; path = Agentdesks.xcdatamodel; sourceTree = "<group>"; };
		18670A9620654855004FC88F /* Assets.xcassets */ = {isa = PBXFileReference; lastKnownFileType = folder.assetcatalog; path = Assets.xcassets; sourceTree = "<group>"; };
		18670A9920654855004FC88F /* Base */ = {isa = PBXFileReference; lastKnownFileType = file.storyboard; name = Base; path = Base.lproj/LaunchScreen.storyboard; sourceTree = "<group>"; };
		18670A9B20654855004FC88F /* Info.plist */ = {isa = PBXFileReference; lastKnownFileType = text.plist.xml; path = Info.plist; sourceTree = "<group>"; };
		18670AA120654A4F004FC88F /* ArticlesTableViewCell.swift */ = {isa = PBXFileReference; lastKnownFileType = sourcecode.swift; path = ArticlesTableViewCell.swift; sourceTree = "<group>"; };
		18670AA220654A4F004FC88F /* ArticlesTableViewCell.xib */ = {isa = PBXFileReference; lastKnownFileType = file.xib; path = ArticlesTableViewCell.xib; sourceTree = "<group>"; };
		18670AA920655D24004FC88F /* APIClient.swift */ = {isa = PBXFileReference; lastKnownFileType = sourcecode.swift; path = APIClient.swift; sourceTree = "<group>"; };
		18670AAB2065607B004FC88F /* APIResponse.swift */ = {isa = PBXFileReference; lastKnownFileType = sourcecode.swift; path = APIResponse.swift; sourceTree = "<group>"; };
		18670AB020656460004FC88F /* ArticlesAPI.swift */ = {isa = PBXFileReference; lastKnownFileType = sourcecode.swift; path = ArticlesAPI.swift; sourceTree = "<group>"; };
		18670AB320656B43004FC88F /* AppConstants.swift */ = {isa = PBXFileReference; lastKnownFileType = sourcecode.swift; path = AppConstants.swift; sourceTree = "<group>"; };
		18670AB520656CEB004FC88F /* Articles.swift */ = {isa = PBXFileReference; lastKnownFileType = sourcecode.swift; path = Articles.swift; sourceTree = "<group>"; };
		18845D3F20664113007ABCAF /* ArticleViewModel.swift */ = {isa = PBXFileReference; lastKnownFileType = sourcecode.swift; path = ArticleViewModel.swift; sourceTree = "<group>"; };
		18845D4120664299007ABCAF /* ArticleViewModelController.swift */ = {isa = PBXFileReference; lastKnownFileType = sourcecode.swift; path = ArticleViewModelController.swift; sourceTree = "<group>"; };
		18C02E952066B1550009CF1D /* BaseProtocol.swift */ = {isa = PBXFileReference; lastKnownFileType = sourcecode.swift; path = BaseProtocol.swift; sourceTree = "<group>"; };
		2468A0F2D864A054A9DF8CAA /* Pods-Agentdesks.debug.xcconfig */ = {isa = PBXFileReference; includeInIndex = 1; lastKnownFileType = text.xcconfig; name = "Pods-Agentdesks.debug.xcconfig"; path = "Pods/Target Support Files/Pods-Agentdesks/Pods-Agentdesks.debug.xcconfig"; sourceTree = "<group>"; };
		2EC3C465DAD740F1FF1A6926 /* Pods-Agentdesks.release.xcconfig */ = {isa = PBXFileReference; includeInIndex = 1; lastKnownFileType = text.xcconfig; name = "Pods-Agentdesks.release.xcconfig"; path = "Pods/Target Support Files/Pods-Agentdesks/Pods-Agentdesks.release.xcconfig"; sourceTree = "<group>"; };
		3393242BD9DBF0A47F56C037 /* Pods_Agentdesks.framework */ = {isa = PBXFileReference; explicitFileType = wrapper.framework; includeInIndex = 0; path = Pods_Agentdesks.framework; sourceTree = BUILT_PRODUCTS_DIR; };
/* End PBXFileReference section */

/* Begin PBXFrameworksBuildPhase section */
		18670A8620654855004FC88F /* Frameworks */ = {
			isa = PBXFrameworksBuildPhase;
			buildActionMask = 2147483647;
			files = (
				84D2E0E466712EC7C53D473F /* Pods_Agentdesks.framework in Frameworks */,
			);
			runOnlyForDeploymentPostprocessing = 0;
		};
/* End PBXFrameworksBuildPhase section */

/* Begin PBXGroup section */
		18670A8020654855004FC88F = {
			isa = PBXGroup;
			children = (
				18670A8B20654855004FC88F /* Agentdesks */,
				18670A8A20654855004FC88F /* Products */,
				FC14D83C00C1BB798DCFD6CC /* Pods */,
				518C37C46F50201D08BDA841 /* Frameworks */,
			);
			sourceTree = "<group>";
		};
		18670A8A20654855004FC88F /* Products */ = {
			isa = PBXGroup;
			children = (
				18670A8920654855004FC88F /* Agentdesks.app */,
			);
			name = Products;
			sourceTree = "<group>";
		};
		18670A8B20654855004FC88F /* Agentdesks */ = {
			isa = PBXGroup;
			children = (
				18845D4420665636007ABCAF /* View */,
				18845D432066561D007ABCAF /* Controllers */,
				18845D3E206640F8007ABCAF /* ViewModel */,
				18670AB220656B28004FC88F /* Utilities */,
				18670AA620655CAB004FC88F /* Networking */,
				18670AA520655711004FC88F /* Model */,
				18670A8C20654855004FC88F /* AppDelegate.swift */,
				18670A9620654855004FC88F /* Assets.xcassets */,
				18670A9820654855004FC88F /* LaunchScreen.storyboard */,
				18670A9B20654855004FC88F /* Info.plist */,
				18670A9320654855004FC88F /* Agentdesks.xcdatamodeld */,
			);
			path = Agentdesks;
			sourceTree = "<group>";
		};
		18670AA520655711004FC88F /* Model */ = {
			isa = PBXGroup;
			children = (
				18670AB520656CEB004FC88F /* Articles.swift */,
			);
			path = Model;
			sourceTree = "<group>";
		};
		18670AA620655CAB004FC88F /* Networking */ = {
			isa = PBXGroup;
			children = (
				18670AAD206563E5004FC88F /* Targets */,
				18670AA920655D24004FC88F /* APIClient.swift */,
				18670AAB2065607B004FC88F /* APIResponse.swift */,
			);
			path = Networking;
			sourceTree = "<group>";
		};
		18670AAD206563E5004FC88F /* Targets */ = {
			isa = PBXGroup;
			children = (
				18670AB020656460004FC88F /* ArticlesAPI.swift */,
			);
			path = Targets;
			sourceTree = "<group>";
		};
		18670AB220656B28004FC88F /* Utilities */ = {
			isa = PBXGroup;
			children = (
				18670AB320656B43004FC88F /* AppConstants.swift */,
				18C02E952066B1550009CF1D /* BaseProtocol.swift */,
			);
			path = Utilities;
			sourceTree = "<group>";
		};
		18845D3E206640F8007ABCAF /* ViewModel */ = {
			isa = PBXGroup;
			children = (
				18845D3F20664113007ABCAF /* ArticleViewModel.swift */,
			);
			path = ViewModel;
			sourceTree = "<group>";
		};
		18845D432066561D007ABCAF /* Controllers */ = {
			isa = PBXGroup;
			children = (
				18670A8E20654855004FC88F /* ViewController.swift */,
				18845D4120664299007ABCAF /* ArticleViewModelController.swift */,
			);
			path = Controllers;
			sourceTree = "<group>";
		};
		18845D4420665636007ABCAF /* View */ = {
			isa = PBXGroup;
			children = (
				18670AA120654A4F004FC88F /* ArticlesTableViewCell.swift */,
				18670AA220654A4F004FC88F /* ArticlesTableViewCell.xib */,
				18670A9020654855004FC88F /* Main.storyboard */,
			);
			path = View;
			sourceTree = "<group>";
		};
		518C37C46F50201D08BDA841 /* Frameworks */ = {
			isa = PBXGroup;
			children = (
				3393242BD9DBF0A47F56C037 /* Pods_Agentdesks.framework */,
			);
			name = Frameworks;
			sourceTree = "<group>";
		};
		FC14D83C00C1BB798DCFD6CC /* Pods */ = {
			isa = PBXGroup;
			children = (
				2468A0F2D864A054A9DF8CAA /* Pods-Agentdesks.debug.xcconfig */,
				2EC3C465DAD740F1FF1A6926 /* Pods-Agentdesks.release.xcconfig */,
			);
			name = Pods;
			sourceTree = "<group>";
		};
/* End PBXGroup section */

/* Begin PBXNativeTarget section */
		18670A8820654855004FC88F /* Agentdesks */ = {
			isa = PBXNativeTarget;
			buildConfigurationList = 18670A9E20654855004FC88F /* Build configuration list for PBXNativeTarget "Agentdesks" */;
			buildPhases = (
				41878A6710F31191E2AFEF18 /* [CP] Check Pods Manifest.lock */,
				18670A8520654855004FC88F /* Sources */,
				18670A8620654855004FC88F /* Frameworks */,
				18670A8720654855004FC88F /* Resources */,
				E25DC5521D437222B7ADB579 /* [CP] Embed Pods Frameworks */,
				D8954529CCD207FDD9F6F877 /* [CP] Copy Pods Resources */,
			);
			buildRules = (
			);
			dependencies = (
			);
			name = Agentdesks;
			productName = Agentdesks;
			productReference = 18670A8920654855004FC88F /* Agentdesks.app */;
			productType = "com.apple.product-type.application";
		};
/* End PBXNativeTarget section */

/* Begin PBXProject section */
		18670A8120654855004FC88F /* Project object */ = {
			isa = PBXProject;
			attributes = {
				LastSwiftUpdateCheck = 0900;
				LastUpgradeCheck = 0900;
				ORGANIZATIONNAME = ThinkAnts;
				TargetAttributes = {
					18670A8820654855004FC88F = {
						CreatedOnToolsVersion = 9.0.1;
						ProvisioningStyle = Automatic;
					};
				};
			};
			buildConfigurationList = 18670A8420654855004FC88F /* Build configuration list for PBXProject "Agentdesks" */;
			compatibilityVersion = "Xcode 8.0";
			developmentRegion = en;
			hasScannedForEncodings = 0;
			knownRegions = (
				en,
				Base,
			);
			mainGroup = 18670A8020654855004FC88F;
			productRefGroup = 18670A8A20654855004FC88F /* Products */;
			projectDirPath = "";
			projectRoot = "";
			targets = (
				18670A8820654855004FC88F /* Agentdesks */,
			);
		};
/* End PBXProject section */

/* Begin PBXResourcesBuildPhase section */
		18670A8720654855004FC88F /* Resources */ = {
			isa = PBXResourcesBuildPhase;
			buildActionMask = 2147483647;
			files = (
				18670AA420654A4F004FC88F /* ArticlesTableViewCell.xib in Resources */,
				18670A9A20654855004FC88F /* LaunchScreen.storyboard in Resources */,
				18670A9720654855004FC88F /* Assets.xcassets in Resources */,
				18670A9220654855004FC88F /* Main.storyboard in Resources */,
			);
			runOnlyForDeploymentPostprocessing = 0;
		};
/* End PBXResourcesBuildPhase section */

/* Begin PBXShellScriptBuildPhase section */
		41878A6710F31191E2AFEF18 /* [CP] Check Pods Manifest.lock */ = {
			isa = PBXShellScriptBuildPhase;
			buildActionMask = 2147483647;
			files = (
			);
			inputPaths = (
				"${PODS_PODFILE_DIR_PATH}/Podfile.lock",
				"${PODS_ROOT}/Manifest.lock",
			);
			name = "[CP] Check Pods Manifest.lock";
			outputPaths = (
				"$(DERIVED_FILE_DIR)/Pods-Agentdesks-checkManifestLockResult.txt",
			);
			runOnlyForDeploymentPostprocessing = 0;
			shellPath = /bin/sh;
			shellScript = "diff \"${PODS_PODFILE_DIR_PATH}/Podfile.lock\" \"${PODS_ROOT}/Manifest.lock\" > /dev/null\nif [ $? != 0 ] ; then\n    # print error to STDERR\n    echo \"error: The sandbox is not in sync with the Podfile.lock. Run 'pod install' or update your CocoaPods installation.\" >&2\n    exit 1\nfi\n# This output is used by Xcode 'outputs' to avoid re-running this script phase.\necho \"SUCCESS\" > \"${SCRIPT_OUTPUT_FILE_0}\"\n";
			showEnvVarsInLog = 0;
		};
		D8954529CCD207FDD9F6F877 /* [CP] Copy Pods Resources */ = {
			isa = PBXShellScriptBuildPhase;
			buildActionMask = 2147483647;
			files = (
			);
			inputPaths = (
			);
			name = "[CP] Copy Pods Resources";
			outputPaths = (
			);
			runOnlyForDeploymentPostprocessing = 0;
			shellPath = /bin/sh;
			shellScript = "\"${SRCROOT}/Pods/Target Support Files/Pods-Agentdesks/Pods-Agentdesks-resources.sh\"\n";
			showEnvVarsInLog = 0;
		};
		E25DC5521D437222B7ADB579 /* [CP] Embed Pods Frameworks */ = {
			isa = PBXShellScriptBuildPhase;
			buildActionMask = 2147483647;
			files = (
			);
			inputPaths = (
				"${SRCROOT}/Pods/Target Support Files/Pods-Agentdesks/Pods-Agentdesks-frameworks.sh",
				"${BUILT_PRODUCTS_DIR}/Alamofire/Alamofire.framework",
				"${BUILT_PRODUCTS_DIR}/Moya/Moya.framework",
				"${BUILT_PRODUCTS_DIR}/ObjectMapper/ObjectMapper.framework",
				"${BUILT_PRODUCTS_DIR}/Result/Result.framework",
			);
			name = "[CP] Embed Pods Frameworks";
			outputPaths = (
				"${TARGET_BUILD_DIR}/${FRAMEWORKS_FOLDER_PATH}/Alamofire.framework",
				"${TARGET_BUILD_DIR}/${FRAMEWORKS_FOLDER_PATH}/Moya.framework",
				"${TARGET_BUILD_DIR}/${FRAMEWORKS_FOLDER_PATH}/ObjectMapper.framework",
				"${TARGET_BUILD_DIR}/${FRAMEWORKS_FOLDER_PATH}/Result.framework",
			);
			runOnlyForDeploymentPostprocessing = 0;
			shellPath = /bin/sh;
			shellScript = "\"${SRCROOT}/Pods/Target Support Files/Pods-Agentdesks/Pods-Agentdesks-frameworks.sh\"\n";
			showEnvVarsInLog = 0;
		};
/* End PBXShellScriptBuildPhase section */

/* Begin PBXSourcesBuildPhase section */
		18670A8520654855004FC88F /* Sources */ = {
			isa = PBXSourcesBuildPhase;
			buildActionMask = 2147483647;
			files = (
				18670AA320654A4F004FC88F /* ArticlesTableViewCell.swift in Sources */,
				18670A8F20654855004FC88F /* ViewController.swift in Sources */,
				18670A8D20654855004FC88F /* AppDelegate.swift in Sources */,
				18670AB420656B43004FC88F /* AppConstants.swift in Sources */,
				18670AB620656CEB004FC88F /* Articles.swift in Sources */,
				18670AAA20655D24004FC88F /* APIClient.swift in Sources */,
				18C02E962066B1550009CF1D /* BaseProtocol.swift in Sources */,
				18845D4220664299007ABCAF /* ArticleViewModelController.swift in Sources */,
				18670AB120656460004FC88F /* ArticlesAPI.swift in Sources */,
				18845D4020664113007ABCAF /* ArticleViewModel.swift in Sources */,
				18670A9520654855004FC88F /* Agentdesks.xcdatamodeld in Sources */,
				18670AAC2065607B004FC88F /* APIResponse.swift in Sources */,
			);
			runOnlyForDeploymentPostprocessing = 0;
		};
/* End PBXSourcesBuildPhase section */

/* Begin PBXVariantGroup section */
		18670A9020654855004FC88F /* Main.storyboard */ = {
			isa = PBXVariantGroup;
			children = (
				18670A9120654855004FC88F /* Base */,
			);
			name = Main.storyboard;
			sourceTree = "<group>";
		};
		18670A9820654855004FC88F /* LaunchScreen.storyboard */ = {
			isa = PBXVariantGroup;
			children = (
				18670A9920654855004FC88F /* Base */,
			);
			name = LaunchScreen.storyboard;
			sourceTree = "<group>";
		};
/* End PBXVariantGroup section */

/* Begin XCBuildConfiguration section */
		18670A9C20654855004FC88F /* Debug */ = {
			isa = XCBuildConfiguration;
			buildSettings = {
				ALWAYS_SEARCH_USER_PATHS = NO;
				CLANG_ANALYZER_NONNULL = YES;
				CLANG_ANALYZER_NUMBER_OBJECT_CONVERSION = YES_AGGRESSIVE;
				CLANG_CXX_LANGUAGE_STANDARD = "gnu++14";
				CLANG_CXX_LIBRARY = "libc++";
				CLANG_ENABLE_MODULES = YES;
				CLANG_ENABLE_OBJC_ARC = YES;
				CLANG_WARN_BLOCK_CAPTURE_AUTORELEASING = YES;
				CLANG_WARN_BOOL_CONVERSION = YES;
				CLANG_WARN_COMMA = YES;
				CLANG_WARN_CONSTANT_CONVERSION = YES;
				CLANG_WARN_DIRECT_OBJC_ISA_USAGE = YES_ERROR;
				CLANG_WARN_DOCUMENTATION_COMMENTS = YES;
				CLANG_WARN_EMPTY_BODY = YES;
				CLANG_WARN_ENUM_CONVERSION = YES;
				CLANG_WARN_INFINITE_RECURSION = YES;
				CLANG_WARN_INT_CONVERSION = YES;
				CLANG_WARN_NON_LITERAL_NULL_CONVERSION = YES;
				CLANG_WARN_OBJC_LITERAL_CONVERSION = YES;
				CLANG_WARN_OBJC_ROOT_CLASS = YES_ERROR;
				CLANG_WARN_RANGE_LOOP_ANALYSIS = YES;
				CLANG_WARN_STRICT_PROTOTYPES = YES;
				CLANG_WARN_SUSPICIOUS_MOVE = YES;
				CLANG_WARN_UNGUARDED_AVAILABILITY = YES_AGGRESSIVE;
				CLANG_WARN_UNREACHABLE_CODE = YES;
				CLANG_WARN__DUPLICATE_METHOD_MATCH = YES;
				CODE_SIGN_IDENTITY = "iPhone Developer";
				COPY_PHASE_STRIP = NO;
				DEBUG_INFORMATION_FORMAT = dwarf;
				ENABLE_STRICT_OBJC_MSGSEND = YES;
				ENABLE_TESTABILITY = YES;
				GCC_C_LANGUAGE_STANDARD = gnu11;
				GCC_DYNAMIC_NO_PIC = NO;
				GCC_NO_COMMON_BLOCKS = YES;
				GCC_OPTIMIZATION_LEVEL = 0;
				GCC_PREPROCESSOR_DEFINITIONS = (
					"DEBUG=1",
					"$(inherited)",
				);
				GCC_WARN_64_TO_32_BIT_CONVERSION = YES;
				GCC_WARN_ABOUT_RETURN_TYPE = YES_ERROR;
				GCC_WARN_UNDECLARED_SELECTOR = YES;
				GCC_WARN_UNINITIALIZED_AUTOS = YES_AGGRESSIVE;
				GCC_WARN_UNUSED_FUNCTION = YES;
				GCC_WARN_UNUSED_VARIABLE = YES;
				IPHONEOS_DEPLOYMENT_TARGET = 11.0;
				MTL_ENABLE_DEBUG_INFO = YES;
				ONLY_ACTIVE_ARCH = YES;
				SDKROOT = iphoneos;
				SWIFT_ACTIVE_COMPILATION_CONDITIONS = DEBUG;
				SWIFT_OPTIMIZATION_LEVEL = "-Onone";
			};
			name = Debug;
		};
		18670A9D20654855004FC88F /* Release */ = {
			isa = XCBuildConfiguration;
			buildSettings = {
				ALWAYS_SEARCH_USER_PATHS = NO;
				CLANG_ANALYZER_NONNULL = YES;
				CLANG_ANALYZER_NUMBER_OBJECT_CONVERSION = YES_AGGRESSIVE;
				CLANG_CXX_LANGUAGE_STANDARD = "gnu++14";
				CLANG_CXX_LIBRARY = "libc++";
				CLANG_ENABLE_MODULES = YES;
				CLANG_ENABLE_OBJC_ARC = YES;
				CLANG_WARN_BLOCK_CAPTURE_AUTORELEASING = YES;
				CLANG_WARN_BOOL_CONVERSION = YES;
				CLANG_WARN_COMMA = YES;
				CLANG_WARN_CONSTANT_CONVERSION = YES;
				CLANG_WARN_DIRECT_OBJC_ISA_USAGE = YES_ERROR;
				CLANG_WARN_DOCUMENTATION_COMMENTS = YES;
				CLANG_WARN_EMPTY_BODY = YES;
				CLANG_WARN_ENUM_CONVERSION = YES;
				CLANG_WARN_INFINITE_RECURSION = YES;
				CLANG_WARN_INT_CONVERSION = YES;
				CLANG_WARN_NON_LITERAL_NULL_CONVERSION = YES;
				CLANG_WARN_OBJC_LITERAL_CONVERSION = YES;
				CLANG_WARN_OBJC_ROOT_CLASS = YES_ERROR;
				CLANG_WARN_RANGE_LOOP_ANALYSIS = YES;
				CLANG_WARN_STRICT_PROTOTYPES = YES;
				CLANG_WARN_SUSPICIOUS_MOVE = YES;
				CLANG_WARN_UNGUARDED_AVAILABILITY = YES_AGGRESSIVE;
				CLANG_WARN_UNREACHABLE_CODE = YES;
				CLANG_WARN__DUPLICATE_METHOD_MATCH = YES;
				CODE_SIGN_IDENTITY = "iPhone Developer";
				COPY_PHASE_STRIP = NO;
				DEBUG_INFORMATION_FORMAT = "dwarf-with-dsym";
				ENABLE_NS_ASSERTIONS = NO;
				ENABLE_STRICT_OBJC_MSGSEND = YES;
				GCC_C_LANGUAGE_STANDARD = gnu11;
				GCC_NO_COMMON_BLOCKS = YES;
				GCC_WARN_64_TO_32_BIT_CONVERSION = YES;
				GCC_WARN_ABOUT_RETURN_TYPE = YES_ERROR;
				GCC_WARN_UNDECLARED_SELECTOR = YES;
				GCC_WARN_UNINITIALIZED_AUTOS = YES_AGGRESSIVE;
				GCC_WARN_UNUSED_FUNCTION = YES;
				GCC_WARN_UNUSED_VARIABLE = YES;
				IPHONEOS_DEPLOYMENT_TARGET = 11.0;
				MTL_ENABLE_DEBUG_INFO = NO;
				SDKROOT = iphoneos;
				SWIFT_OPTIMIZATION_LEVEL = "-Owholemodule";
				VALIDATE_PRODUCT = YES;
			};
			name = Release;
		};
		18670A9F20654855004FC88F /* Debug */ = {
			isa = XCBuildConfiguration;
			baseConfigurationReference = 2468A0F2D864A054A9DF8CAA /* Pods-Agentdesks.debug.xcconfig */;
			buildSettings = {
				ASSETCATALOG_COMPILER_APPICON_NAME = AppIcon;
				CODE_SIGN_STYLE = Automatic;
				INFOPLIST_FILE = Agentdesks/Info.plist;
				LD_RUNPATH_SEARCH_PATHS = "$(inherited) @executable_path/Frameworks";
				PRODUCT_BUNDLE_IDENTIFIER = TA.Agentdesks;
				PRODUCT_NAME = "$(TARGET_NAME)";
				SWIFT_VERSION = 4.0;
				TARGETED_DEVICE_FAMILY = 1;
			};
			name = Debug;
		};
		18670AA020654855004FC88F /* Release */ = {
			isa = XCBuildConfiguration;
			baseConfigurationReference = 2EC3C465DAD740F1FF1A6926 /* Pods-Agentdesks.release.xcconfig */;
			buildSettings = {
				ASSETCATALOG_COMPILER_APPICON_NAME = AppIcon;
				CODE_SIGN_STYLE = Automatic;
				INFOPLIST_FILE = Agentdesks/Info.plist;
				LD_RUNPATH_SEARCH_PATHS = "$(inherited) @executable_path/Frameworks";
				PRODUCT_BUNDLE_IDENTIFIER = TA.Agentdesks;
				PRODUCT_NAME = "$(TARGET_NAME)";
				SWIFT_VERSION = 4.0;
				TARGETED_DEVICE_FAMILY = 1;
			};
			name = Release;
		};
/* End XCBuildConfiguration section */

/* Begin XCConfigurationList section */
		18670A8420654855004FC88F /* Build configuration list for PBXProject "Agentdesks" */ = {
			isa = XCConfigurationList;
			buildConfigurations = (
				18670A9C20654855004FC88F /* Debug */,
				18670A9D20654855004FC88F /* Release */,
			);
			defaultConfigurationIsVisible = 0;
			defaultConfigurationName = Release;
		};
		18670A9E20654855004FC88F /* Build configuration list for PBXNativeTarget "Agentdesks" */ = {
			isa = XCConfigurationList;
			buildConfigurations = (
				18670A9F20654855004FC88F /* Debug */,
				18670AA020654855004FC88F /* Release */,
			);
			defaultConfigurationIsVisible = 0;
			defaultConfigurationName = Release;
		};
/* End XCConfigurationList section */

/* Begin XCVersionGroup section */
		18670A9320654855004FC88F /* Agentdesks.xcdatamodeld */ = {
			isa = XCVersionGroup;
			children = (
				18670A9420654855004FC88F /* Agentdesks.xcdatamodel */,
			);
			currentVersion = 18670A9420654855004FC88F /* Agentdesks.xcdatamodel */;
			path = Agentdesks.xcdatamodeld;
			sourceTree = "<group>";
			versionGroupType = wrapper.xcdatamodel;
		};
/* End XCVersionGroup section */
	};
	rootObject = 18670A8120654855004FC88F /* Project object */;
}
