// !$*UTF8*$!
{
	archiveVersion = 1;
	classes = {
	};
	objectVersion = 48;
	objects = {

/* Begin PBXBuildFile section */
		18670A8D20654855004FC88F /* AppDelegate.swift in Sources */ = {isa = PBXBuildFile; fileRef = 18670A8C20654855004FC88F /* AppDelegate.swift */; };
		18670A8F20654855004FC88F /* ViewController.swift in Sources */ = {isa = PBXBuildFile; fileRef = 18670A8E20654855004FC88F /* ViewController.swift */; };
		18670A9220654855004FC88F /* Main.storyboard in Resources */ = {isa = PBXBuildFile; fileRef = 18670A9020654855004FC88F /* Main.storyboard */; };
		18670A9520654855004FC88F /* Agentdesks.xcdatamodeld in Sources */ = {isa = PBXBuildFile; fileRef = 18670A9320654855004FC88F /* Agentdesks.xcdatamodeld */; };
		18670A9720654855004FC88F /* Assets.xcassets in Resources */ = {isa = PBXBuildFile; fileRef = 18670A9620654855004FC88F /* Assets.xcassets */; };
		18670A9A20654855004FC88F /* LaunchScreen.storyboard in Resources */ = {isa = PBXBuildFile; fileRef = 18670A9820654855004FC88F /* LaunchScreen.storyboard */; };
/* End PBXBuildFile section */

/* Begin PBXFileReference section */
		18670A8920654855004FC88F /* Agentdesks.app */ = {isa = PBXFileReference; explicitFileType = wrapper.application; includeInIndex = 0; path = Agentdesks.app; sourceTree = BUILT_PRODUCTS_DIR; };
		18670A8C20654855004FC88F /* AppDelegate.swift */ = {isa = PBXFileReference; lastKnownFileType = sourcecode.swift; path = AppDelegate.swift; sourceTree = "<group>"; };
		18670A8E20654855004FC88F /* ViewController.swift */ = {isa = PBXFileReference; lastKnownFileType = sourcecode.swift; path = ViewController.swift; sourceTree = "<group>"; };
		18670A9120654855004FC88F /* Base */ = {isa = PBXFileReference; lastKnownFileType = file.storyboard; name = Base; path = Base.lproj/Main.storyboard; sourceTree = "<group>"; };
		18670A9420654855004FC88F /* Agentdesks.xcdatamodel */ = {isa = PBXFileReference; lastKnownFileType = wrapper.xcdatamodel; path = Agentdesks.xcdatamodel; sourceTree = "<group>"; };
		18670A9620654855004FC88F /* Assets.xcassets */ = {isa = PBXFileReference; lastKnownFileType = folder.assetcatalog; path = Assets.xcassets; sourceTree = "<group>"; };
		18670A9920654855004FC88F /* Base */ = {isa = PBXFileReference; lastKnownFileType = file.storyboard; name = Base; path = Base.lproj/LaunchScreen.storyboard; sourceTree = "<group>"; };
		18670A9B20654855004FC88F /* Info.plist */ = {isa = PBXFileReference; lastKnownFileType = text.plist.xml; path = Info.plist; sourceTree = "<group>"; };
/* End PBXFileReference section */

/* Begin PBXFrameworksBuildPhase section */
		18670A8620654855004FC88F /* Frameworks */ = {
			isa = PBXFrameworksBuildPhase;
			buildActionMask = 2147483647;
			files = (
			);
			runOnlyForDeploymentPostprocessing = 0;
		};
/* End PBXFrameworksBuildPhase section */

/* Begin PBXGroup section */
		18670A8020654855004FC88F = {
			isa = PBXGroup;
			children = (
				18670A8B20654855004FC88F /* Agentdesks */,
				18670A8A20654855004FC88F /* Products */,
			);
			sourceTree = "<group>";
		};
		18670A8A20654855004FC88F /* Products */ = {
			isa = PBXGroup;
			children = (
				18670A8920654855004FC88F /* Agentdesks.app */,
			);
			name = Products;
			sourceTree = "<group>";
		};
		18670A8B20654855004FC88F /* Agentdesks */ = {
			isa = PBXGroup;
			children = (
				18670A8C20654855004FC88F /* AppDelegate.swift */,
				18670A8E20654855004FC88F /* ViewController.swift */,
				18670A9020654855004FC88F /* Main.storyboard */,
				18670A9620654855004FC88F /* Assets.xcassets */,
				18670A9820654855004FC88F /* LaunchScreen.storyboard */,
				18670A9B20654855004FC88F /* Info.plist */,
				18670A9320654855004FC88F /* Agentdesks.xcdatamodeld */,
			);
			path = Agentdesks;
			sourceTree = "<group>";
		};
/* End PBXGroup section */

/* Begin PBXNativeTarget section */
		18670A8820654855004FC88F /* Agentdesks */ = {
			isa = PBXNativeTarget;
			buildConfigurationList = 18670A9E20654855004FC88F /* Build configuration list for PBXNativeTarget "Agentdesks" */;
			buildPhases = (
				18670A8520654855004FC88F /* Sources */,
				18670A8620654855004FC88F /* Frameworks */,
				18670A8720654855004FC88F /* Resources */,
			);
			buildRules = (
			);
			dependencies = (
			);
			name = Agentdesks;
			productName = Agentdesks;
			productReference = 18670A8920654855004FC88F /* Agentdesks.app */;
			productType = "com.apple.product-type.application";
		};
/* End PBXNativeTarget section */

/* Begin PBXProject section */
		18670A8120654855004FC88F /* Project object */ = {
			isa = PBXProject;
			attributes = {
				LastSwiftUpdateCheck = 0900;
				LastUpgradeCheck = 0900;
				ORGANIZATIONNAME = ThinkAnts;
				TargetAttributes = {
					18670A8820654855004FC88F = {
						CreatedOnToolsVersion = 9.0.1;
						ProvisioningStyle = Automatic;
					};
				};
			};
			buildConfigurationList = 18670A8420654855004FC88F /* Build configuration list for PBXProject "Agentdesks" */;
			compatibilityVersion = "Xcode 8.0";
			developmentRegion = en;
			hasScannedForEncodings = 0;
			knownRegions = (
				en,
				Base,
			);
			mainGroup = 18670A8020654855004FC88F;
			productRefGroup = 18670A8A20654855004FC88F /* Products */;
			projectDirPath = "";
			projectRoot = "";
			targets = (
				18670A8820654855004FC88F /* Agentdesks */,
			);
		};
/* End PBXProject section */

/* Begin PBXResourcesBuildPhase section */
		18670A8720654855004FC88F /* Resources */ = {
			isa = PBXResourcesBuildPhase;
			buildActionMask = 2147483647;
			files = (
				18670A9A20654855004FC88F /* LaunchScreen.storyboard in Resources */,
				18670A9720654855004FC88F /* Assets.xcassets in Resources */,
				18670A9220654855004FC88F /* Main.storyboard in Resources */,
			);
			runOnlyForDeploymentPostprocessing = 0;
		};
/* End PBXResourcesBuildPhase section */

/* Begin PBXSourcesBuildPhase section */
		18670A8520654855004FC88F /* Sources */ = {
			isa = PBXSourcesBuildPhase;
			buildActionMask = 2147483647;
			files = (
				18670A8F20654855004FC88F /* ViewController.swift in Sources */,
				18670A8D20654855004FC88F /* AppDelegate.swift in Sources */,
				18670A9520654855004FC88F /* Agentdesks.xcdatamodeld in Sources */,
			);
			runOnlyForDeploymentPostprocessing = 0;
		};
/* End PBXSourcesBuildPhase section */

/* Begin PBXVariantGroup section */
		18670A9020654855004FC88F /* Main.storyboard */ = {
			isa = PBXVariantGroup;
			children = (
				18670A9120654855004FC88F /* Base */,
			);
			name = Main.storyboard;
			sourceTree = "<group>";
		};
		18670A9820654855004FC88F /* LaunchScreen.storyboard */ = {
			isa = PBXVariantGroup;
			children = (
				18670A9920654855004FC88F /* Base */,
			);
			name = LaunchScreen.storyboard;
			sourceTree = "<group>";
		};
/* End PBXVariantGroup section */

/* Begin XCBuildConfiguration section */
		18670A9C20654855004FC88F /* Debug */ = {
			isa = XCBuildConfiguration;
			buildSettings = {
				ALWAYS_SEARCH_USER_PATHS = NO;
				CLANG_ANALYZER_NONNULL = YES;
				CLANG_ANALYZER_NUMBER_OBJECT_CONVERSION = YES_AGGRESSIVE;
				CLANG_CXX_LANGUAGE_STANDARD = "gnu++14";
				CLANG_CXX_LIBRARY = "libc++";
				CLANG_ENABLE_MODULES = YES;
				CLANG_ENABLE_OBJC_ARC = YES;
				CLANG_WARN_BLOCK_CAPTURE_AUTORELEASING = YES;
				CLANG_WARN_BOOL_CONVERSION = YES;
				CLANG_WARN_COMMA = YES;
				CLANG_WARN_CONSTANT_CONVERSION = YES;
				CLANG_WARN_DIRECT_OBJC_ISA_USAGE = YES_ERROR;
				CLANG_WARN_DOCUMENTATION_COMMENTS = YES;
				CLANG_WARN_EMPTY_BODY = YES;
				CLANG_WARN_ENUM_CONVERSION = YES;
				CLANG_WARN_INFINITE_RECURSION = YES;
				CLANG_WARN_INT_CONVERSION = YES;
				CLANG_WARN_NON_LITERAL_NULL_CONVERSION = YES;
				CLANG_WARN_OBJC_LITERAL_CONVERSION = YES;
				CLANG_WARN_OBJC_ROOT_CLASS = YES_ERROR;
				CLANG_WARN_RANGE_LOOP_ANALYSIS = YES;
				CLANG_WARN_STRICT_PROTOTYPES = YES;
				CLANG_WARN_SUSPICIOUS_MOVE = YES;
				CLANG_WARN_UNGUARDED_AVAILABILITY = YES_AGGRESSIVE;
				CLANG_WARN_UNREACHABLE_CODE = YES;
				CLANG_WARN__DUPLICATE_METHOD_MATCH = YES;
				CODE_SIGN_IDENTITY = "iPhone Developer";
				COPY_PHASE_STRIP = NO;
				DEBUG_INFORMATION_FORMAT = dwarf;
				ENABLE_STRICT_OBJC_MSGSEND = YES;
				ENABLE_TESTABILITY = YES;
				GCC_C_LANGUAGE_STANDARD = gnu11;
				GCC_DYNAMIC_NO_PIC = NO;
				GCC_NO_COMMON_BLOCKS = YES;
				GCC_OPTIMIZATION_LEVEL = 0;
				GCC_PREPROCESSOR_DEFINITIONS = (
					"DEBUG=1",
					"$(inherited)",
				);
				GCC_WARN_64_TO_32_BIT_CONVERSION = YES;
				GCC_WARN_ABOUT_RETURN_TYPE = YES_ERROR;
				GCC_WARN_UNDECLARED_SELECTOR = YES;
				GCC_WARN_UNINITIALIZED_AUTOS = YES_AGGRESSIVE;
				GCC_WARN_UNUSED_FUNCTION = YES;
				GCC_WARN_UNUSED_VARIABLE = YES;
				IPHONEOS_DEPLOYMENT_TARGET = 11.0;
				MTL_ENABLE_DEBUG_INFO = YES;
				ONLY_ACTIVE_ARCH = YES;
				SDKROOT = iphoneos;
				SWIFT_ACTIVE_COMPILATION_CONDITIONS = DEBUG;
				SWIFT_OPTIMIZATION_LEVEL = "-Onone";
			};
			name = Debug;
		};
		18670A9D20654855004FC88F /* Release */ = {
			isa = XCBuildConfiguration;
			buildSettings = {
				ALWAYS_SEARCH_USER_PATHS = NO;
				CLANG_ANALYZER_NONNULL = YES;
				CLANG_ANALYZER_NUMBER_OBJECT_CONVERSION = YES_AGGRESSIVE;
				CLANG_CXX_LANGUAGE_STANDARD = "gnu++14";
				CLANG_CXX_LIBRARY = "libc++";
				CLANG_ENABLE_MODULES = YES;
				CLANG_ENABLE_OBJC_ARC = YES;
				CLANG_WARN_BLOCK_CAPTURE_AUTORELEASING = YES;
				CLANG_WARN_BOOL_CONVERSION = YES;
				CLANG_WARN_COMMA = YES;
				CLANG_WARN_CONSTANT_CONVERSION = YES;
				CLANG_WARN_DIRECT_OBJC_ISA_USAGE = YES_ERROR;
				CLANG_WARN_DOCUMENTATION_COMMENTS = YES;
				CLANG_WARN_EMPTY_BODY = YES;
				CLANG_WARN_ENUM_CONVERSION = YES;
				CLANG_WARN_INFINITE_RECURSION = YES;
				CLANG_WARN_INT_CONVERSION = YES;
				CLANG_WARN_NON_LITERAL_NULL_CONVERSION = YES;
				CLANG_WARN_OBJC_LITERAL_CONVERSION = YES;
				CLANG_WARN_OBJC_ROOT_CLASS = YES_ERROR;
				CLANG_WARN_RANGE_LOOP_ANALYSIS = YES;
				CLANG_WARN_STRICT_PROTOTYPES = YES;
				CLANG_WARN_SUSPICIOUS_MOVE = YES;
				CLANG_WARN_UNGUARDED_AVAILABILITY = YES_AGGRESSIVE;
				CLANG_WARN_UNREACHABLE_CODE = YES;
				CLANG_WARN__DUPLICATE_METHOD_MATCH = YES;
				CODE_SIGN_IDENTITY = "iPhone Developer";
				COPY_PHASE_STRIP = NO;
				DEBUG_INFORMATION_FORMAT = "dwarf-with-dsym";
				ENABLE_NS_ASSERTIONS = NO;
				ENABLE_STRICT_OBJC_MSGSEND = YES;
				GCC_C_LANGUAGE_STANDARD = gnu11;
				GCC_NO_COMMON_BLOCKS = YES;
				GCC_WARN_64_TO_32_BIT_CONVERSION = YES;
				GCC_WARN_ABOUT_RETURN_TYPE = YES_ERROR;
				GCC_WARN_UNDECLARED_SELECTOR = YES;
				GCC_WARN_UNINITIALIZED_AUTOS = YES_AGGRESSIVE;
				GCC_WARN_UNUSED_FUNCTION = YES;
				GCC_WARN_UNUSED_VARIABLE = YES;
				IPHONEOS_DEPLOYMENT_TARGET = 11.0;
				MTL_ENABLE_DEBUG_INFO = NO;
				SDKROOT = iphoneos;
				SWIFT_OPTIMIZATION_LEVEL = "-Owholemodule";
				VALIDATE_PRODUCT = YES;
			};
			name = Release;
		};
		18670A9F20654855004FC88F /* Debug */ = {
			isa = XCBuildConfiguration;
			buildSettings = {
				ASSETCATALOG_COMPILER_APPICON_NAME = AppIcon;
				CODE_SIGN_STYLE = Automatic;
				INFOPLIST_FILE = Agentdesks/Info.plist;
				LD_RUNPATH_SEARCH_PATHS = "$(inherited) @executable_path/Frameworks";
				PRODUCT_BUNDLE_IDENTIFIER = TA.Agentdesks;
				PRODUCT_NAME = "$(TARGET_NAME)";
				SWIFT_VERSION = 4.0;
				TARGETED_DEVICE_FAMILY = "1,2";
			};
			name = Debug;
		};
		18670AA020654855004FC88F /* Release */ = {
			isa = XCBuildConfiguration;
			buildSettings = {
				ASSETCATALOG_COMPILER_APPICON_NAME = AppIcon;
				CODE_SIGN_STYLE = Automatic;
				INFOPLIST_FILE = Agentdesks/Info.plist;
				LD_RUNPATH_SEARCH_PATHS = "$(inherited) @executable_path/Frameworks";
				PRODUCT_BUNDLE_IDENTIFIER = TA.Agentdesks;
				PRODUCT_NAME = "$(TARGET_NAME)";
				SWIFT_VERSION = 4.0;
				TARGETED_DEVICE_FAMILY = "1,2";
			};
			name = Release;
		};
/* End XCBuildConfiguration section */

/* Begin XCConfigurationList section */
		18670A8420654855004FC88F /* Build configuration list for PBXProject "Agentdesks" */ = {
			isa = XCConfigurationList;
			buildConfigurations = (
				18670A9C20654855004FC88F /* Debug */,
				18670A9D20654855004FC88F /* Release */,
			);
			defaultConfigurationIsVisible = 0;
			defaultConfigurationName = Release;
		};
		18670A9E20654855004FC88F /* Build configuration list for PBXNativeTarget "Agentdesks" */ = {
			isa = XCConfigurationList;
			buildConfigurations = (
				18670A9F20654855004FC88F /* Debug */,
				18670AA020654855004FC88F /* Release */,
			);
			defaultConfigurationIsVisible = 0;
			defaultConfigurationName = Release;
		};
/* End XCConfigurationList section */

/* Begin XCVersionGroup section */
		18670A9320654855004FC88F /* Agentdesks.xcdatamodeld */ = {
			isa = XCVersionGroup;
			children = (
				18670A9420654855004FC88F /* Agentdesks.xcdatamodel */,
			);
			currentVersion = 18670A9420654855004FC88F /* Agentdesks.xcdatamodel */;
			path = Agentdesks.xcdatamodeld;
			sourceTree = "<group>";
			versionGroupType = wrapper.xcdatamodel;
		};
/* End XCVersionGroup section */
	};
	rootObject = 18670A8120654855004FC88F /* Project object */;
}
